# Generated by pub
# See https://dart.dev/tools/pub/glossary#lockfile
packages:
  _macros:
    dependency: transitive
    description: dart
    source: sdk
    version: "0.1.3"
  macros:
    dependency: "direct main"
    description:
      name: macros
      sha256: e4a273c4a7a81fdbea1f3faed45faa6a7c0b78a50076e89d3f02350caefc8939
      url: "https://pub.dev"
    source: hosted
    version: "0.1.0-main.3"
sdks:
  dart: ">=3.4.0-256.0.dev <4.0.0"
